// !$*UTF8*$!
{
	archiveVersion = 1;
	classes = {
	};
	objectVersion = 55;
	objects = {

/* Begin PBXBuildFile section */
		68A6BCEA280567B500E0811F /* UserAuthenticationApp.swift in Sources */ = {isa = PBXBuildFile; fileRef = 68A6BCE9280567B500E0811F /* UserAuthenticationApp.swift */; };
		68A6BCEC280567B500E0811F /* ContentView.swift in Sources */ = {isa = PBXBuildFile; fileRef = 68A6BCEB280567B500E0811F /* ContentView.swift */; };
		68A6BCEE280567B700E0811F /* Assets.xcassets in Resources */ = {isa = PBXBuildFile; fileRef = 68A6BCED280567B700E0811F /* Assets.xcassets */; };
		68A6BCF1280567B700E0811F /* Preview Assets.xcassets in Resources */ = {isa = PBXBuildFile; fileRef = 68A6BCF0280567B700E0811F /* Preview Assets.xcassets */; };
		68A6BCFB280567B700E0811F /* UserAuthenticationTests.swift in Sources */ = {isa = PBXBuildFile; fileRef = 68A6BCFA280567B700E0811F /* UserAuthenticationTests.swift */; };
		68A6BD05280567B700E0811F /* UserAuthenticationUITests.swift in Sources */ = {isa = PBXBuildFile; fileRef = 68A6BD04280567B700E0811F /* UserAuthenticationUITests.swift */; };
		68A6BD07280567B700E0811F /* UserAuthenticationUITestsLaunchTests.swift in Sources */ = {isa = PBXBuildFile; fileRef = 68A6BD06280567B700E0811F /* UserAuthenticationUITestsLaunchTests.swift */; };
/* End PBXBuildFile section */

/* Begin PBXContainerItemProxy section */
		68A6BCF7280567B700E0811F /* PBXContainerItemProxy */ = {
			isa = PBXContainerItemProxy;
			containerPortal = 68A6BCDE280567B500E0811F /* Project object */;
			proxyType = 1;
			remoteGlobalIDString = 68A6BCE5280567B500E0811F;
			remoteInfo = UserAuthentication;
		};
		68A6BD01280567B700E0811F /* PBXContainerItemProxy */ = {
			isa = PBXContainerItemProxy;
			containerPortal = 68A6BCDE280567B500E0811F /* Project object */;
			proxyType = 1;
			remoteGlobalIDString = 68A6BCE5280567B500E0811F;
			remoteInfo = UserAuthentication;
		};
/* End PBXContainerItemProxy section */

/* Begin PBXFileReference section */
		68A6BCE6280567B500E0811F /* UserAuthentication.app */ = {isa = PBXFileReference; explicitFileType = wrapper.application; includeInIndex = 0; path = UserAuthentication.app; sourceTree = BUILT_PRODUCTS_DIR; };
		68A6BCE9280567B500E0811F /* UserAuthenticationApp.swift */ = {isa = PBXFileReference; lastKnownFileType = sourcecode.swift; path = UserAuthenticationApp.swift; sourceTree = "<group>"; };
		68A6BCEB280567B500E0811F /* ContentView.swift */ = {isa = PBXFileReference; lastKnownFileType = sourcecode.swift; path = ContentView.swift; sourceTree = "<group>"; };
		68A6BCED280567B700E0811F /* Assets.xcassets */ = {isa = PBXFileReference; lastKnownFileType = folder.assetcatalog; path = Assets.xcassets; sourceTree = "<group>"; };
		68A6BCF0280567B700E0811F /* Preview Assets.xcassets */ = {isa = PBXFileReference; lastKnownFileType = folder.assetcatalog; path = "Preview Assets.xcassets"; sourceTree = "<group>"; };
		68A6BCF6280567B700E0811F /* UserAuthenticationTests.xctest */ = {isa = PBXFileReference; explicitFileType = wrapper.cfbundle; includeInIndex = 0; path = UserAuthenticationTests.xctest; sourceTree = BUILT_PRODUCTS_DIR; };
		68A6BCFA280567B700E0811F /* UserAuthenticationTests.swift */ = {isa = PBXFileReference; lastKnownFileType = sourcecode.swift; path = UserAuthenticationTests.swift; sourceTree = "<group>"; };
		68A6BD00280567B700E0811F /* UserAuthenticationUITests.xctest */ = {isa = PBXFileReference; explicitFileType = wrapper.cfbundle; includeInIndex = 0; path = UserAuthenticationUITests.xctest; sourceTree = BUILT_PRODUCTS_DIR; };
		68A6BD04280567B700E0811F /* UserAuthenticationUITests.swift */ = {isa = PBXFileReference; lastKnownFileType = sourcecode.swift; path = UserAuthenticationUITests.swift; sourceTree = "<group>"; };
		68A6BD06280567B700E0811F /* UserAuthenticationUITestsLaunchTests.swift */ = {isa = PBXFileReference; lastKnownFileType = sourcecode.swift; path = UserAuthenticationUITestsLaunchTests.swift; sourceTree = "<group>"; };
/* End PBXFileReference section */

/* Begin PBXFrameworksBuildPhase section */
		68A6BCE3280567B500E0811F /* Frameworks */ = {
			isa = PBXFrameworksBuildPhase;
			buildActionMask = 2147483647;
			files = (
			);
			runOnlyForDeploymentPostprocessing = 0;
		};
		68A6BCF3280567B700E0811F /* Frameworks */ = {
			isa = PBXFrameworksBuildPhase;
			buildActionMask = 2147483647;
			files = (
			);
			runOnlyForDeploymentPostprocessing = 0;
		};
		68A6BCFD280567B700E0811F /* Frameworks */ = {
			isa = PBXFrameworksBuildPhase;
			buildActionMask = 2147483647;
			files = (
			);
			runOnlyForDeploymentPostprocessing = 0;
		};
/* End PBXFrameworksBuildPhase section */

/* Begin PBXGroup section */
		68A6BCDD280567B500E0811F = {
			isa = PBXGroup;
			children = (
				68A6BCE8280567B500E0811F /* UserAuthentication */,
				68A6BCF9280567B700E0811F /* UserAuthenticationTests */,
				68A6BD03280567B700E0811F /* UserAuthenticationUITests */,
				68A6BCE7280567B500E0811F /* Products */,
			);
			sourceTree = "<group>";
		};
		68A6BCE7280567B500E0811F /* Products */ = {
			isa = PBXGroup;
			children = (
				68A6BCE6280567B500E0811F /* UserAuthentication.app */,
				68A6BCF6280567B700E0811F /* UserAuthenticationTests.xctest */,
				68A6BD00280567B700E0811F /* UserAuthenticationUITests.xctest */,
			);
			name = Products;
			sourceTree = "<group>";
		};
		68A6BCE8280567B500E0811F /* UserAuthentication */ = {
			isa = PBXGroup;
			children = (
				68A6BCE9280567B500E0811F /* UserAuthenticationApp.swift */,
				68A6BCEB280567B500E0811F /* ContentView.swift */,
				68A6BCED280567B700E0811F /* Assets.xcassets */,
				68A6BCEF280567B700E0811F /* Preview Content */,
			);
			path = UserAuthentication;
			sourceTree = "<group>";
		};
		68A6BCEF280567B700E0811F /* Preview Content */ = {
			isa = PBXGroup;
			children = (
				68A6BCF0280567B700E0811F /* Preview Assets.xcassets */,
			);
			path = "Preview Content";
			sourceTree = "<group>";
		};
		68A6BCF9280567B700E0811F /* UserAuthenticationTests */ = {
			isa = PBXGroup;
			children = (
				68A6BCFA280567B700E0811F /* UserAuthenticationTests.swift */,
			);
			path = UserAuthenticationTests;
			sourceTree = "<group>";
		};
		68A6BD03280567B700E0811F /* UserAuthenticationUITests */ = {
			isa = PBXGroup;
			children = (
				68A6BD04280567B700E0811F /* UserAuthenticationUITests.swift */,
				68A6BD06280567B700E0811F /* UserAuthenticationUITestsLaunchTests.swift */,
			);
			path = UserAuthenticationUITests;
			sourceTree = "<group>";
		};
/* End PBXGroup section */

/* Begin PBXNativeTarget section */
		68A6BCE5280567B500E0811F /* UserAuthentication */ = {
			isa = PBXNativeTarget;
			buildConfigurationList = 68A6BD0A280567B700E0811F /* Build configuration list for PBXNativeTarget "UserAuthentication" */;
			buildPhases = (
				68A6BCE2280567B500E0811F /* Sources */,
				68A6BCE3280567B500E0811F /* Frameworks */,
				68A6BCE4280567B500E0811F /* Resources */,
			);
			buildRules = (
			);
			dependencies = (
			);
			name = UserAuthentication;
			productName = UserAuthentication;
			productReference = 68A6BCE6280567B500E0811F /* UserAuthentication.app */;
			productType = "com.apple.product-type.application";
		};
		68A6BCF5280567B700E0811F /* UserAuthenticationTests */ = {
			isa = PBXNativeTarget;
			buildConfigurationList = 68A6BD0D280567B700E0811F /* Build configuration list for PBXNativeTarget "UserAuthenticationTests" */;
			buildPhases = (
				68A6BCF2280567B700E0811F /* Sources */,
				68A6BCF3280567B700E0811F /* Frameworks */,
				68A6BCF4280567B700E0811F /* Resources */,
			);
			buildRules = (
			);
			dependencies = (
				68A6BCF8280567B700E0811F /* PBXTargetDependency */,
			);
			name = UserAuthenticationTests;
			productName = UserAuthenticationTests;
			productReference = 68A6BCF6280567B700E0811F /* UserAuthenticationTests.xctest */;
			productType = "com.apple.product-type.bundle.unit-test";
		};
		68A6BCFF280567B700E0811F /* UserAuthenticationUITests */ = {
			isa = PBXNativeTarget;
			buildConfigurationList = 68A6BD10280567B700E0811F /* Build configuration list for PBXNativeTarget "UserAuthenticationUITests" */;
			buildPhases = (
				68A6BCFC280567B700E0811F /* Sources */,
				68A6BCFD280567B700E0811F /* Frameworks */,
				68A6BCFE280567B700E0811F /* Resources */,
			);
			buildRules = (
			);
			dependencies = (
				68A6BD02280567B700E0811F /* PBXTargetDependency */,
			);
			name = UserAuthenticationUITests;
			productName = UserAuthenticationUITests;
			productReference = 68A6BD00280567B700E0811F /* UserAuthenticationUITests.xctest */;
			productType = "com.apple.product-type.bundle.ui-testing";
		};
/* End PBXNativeTarget section */

/* Begin PBXProject section */
		68A6BCDE280567B500E0811F /* Project object */ = {
			isa = PBXProject;
			attributes = {
				BuildIndependentTargetsInParallel = 1;
				LastSwiftUpdateCheck = 1320;
				LastUpgradeCheck = 1320;
				TargetAttributes = {
					68A6BCE5280567B500E0811F = {
						CreatedOnToolsVersion = 13.2.1;
					};
					68A6BCF5280567B700E0811F = {
						CreatedOnToolsVersion = 13.2.1;
						TestTargetID = 68A6BCE5280567B500E0811F;
					};
					68A6BCFF280567B700E0811F = {
						CreatedOnToolsVersion = 13.2.1;
						TestTargetID = 68A6BCE5280567B500E0811F;
					};
				};
			};
			buildConfigurationList = 68A6BCE1280567B500E0811F /* Build configuration list for PBXProject "UserAuthentication" */;
			compatibilityVersion = "Xcode 13.0";
			developmentRegion = en;
			hasScannedForEncodings = 0;
			knownRegions = (
				en,
				Base,
			);
			mainGroup = 68A6BCDD280567B500E0811F;
			productRefGroup = 68A6BCE7280567B500E0811F /* Products */;
			projectDirPath = "";
			projectRoot = "";
			targets = (
				68A6BCE5280567B500E0811F /* UserAuthentication */,
				68A6BCF5280567B700E0811F /* UserAuthenticationTests */,
				68A6BCFF280567B700E0811F /* UserAuthenticationUITests */,
			);
		};
/* End PBXProject section */

/* Begin PBXResourcesBuildPhase section */
		68A6BCE4280567B500E0811F /* Resources */ = {
			isa = PBXResourcesBuildPhase;
			buildActionMask = 2147483647;
			files = (
				68A6BCF1280567B700E0811F /* Preview Assets.xcassets in Resources */,
				68A6BCEE280567B700E0811F /* Assets.xcassets in Resources */,
			);
			runOnlyForDeploymentPostprocessing = 0;
		};
		68A6BCF4280567B700E0811F /* Resources */ = {
			isa = PBXResourcesBuildPhase;
			buildActionMask = 2147483647;
			files = (
			);
			runOnlyForDeploymentPostprocessing = 0;
		};
		68A6BCFE280567B700E0811F /* Resources */ = {
			isa = PBXResourcesBuildPhase;
			buildActionMask = 2147483647;
			files = (
			);
			runOnlyForDeploymentPostprocessing = 0;
		};
/* End PBXResourcesBuildPhase section */

/* Begin PBXSourcesBuildPhase section */
		68A6BCE2280567B500E0811F /* Sources */ = {
			isa = PBXSourcesBuildPhase;
			buildActionMask = 2147483647;
			files = (
				68A6BCEC280567B500E0811F /* ContentView.swift in Sources */,
				68A6BCEA280567B500E0811F /* UserAuthenticationApp.swift in Sources */,
			);
			runOnlyForDeploymentPostprocessing = 0;
		};
		68A6BCF2280567B700E0811F /* Sources */ = {
			isa = PBXSourcesBuildPhase;
			buildActionMask = 2147483647;
			files = (
				68A6BCFB280567B700E0811F /* UserAuthenticationTests.swift in Sources */,
			);
			runOnlyForDeploymentPostprocessing = 0;
		};
		68A6BCFC280567B700E0811F /* Sources */ = {
			isa = PBXSourcesBuildPhase;
			buildActionMask = 2147483647;
			files = (
				68A6BD05280567B700E0811F /* UserAuthenticationUITests.swift in Sources */,
				68A6BD07280567B700E0811F /* UserAuthenticationUITestsLaunchTests.swift in Sources */,
			);
			runOnlyForDeploymentPostprocessing = 0;
		};
/* End PBXSourcesBuildPhase section */

/* Begin PBXTargetDependency section */
		68A6BCF8280567B700E0811F /* PBXTargetDependency */ = {
			isa = PBXTargetDependency;
			target = 68A6BCE5280567B500E0811F /* UserAuthentication */;
			targetProxy = 68A6BCF7280567B700E0811F /* PBXContainerItemProxy */;
		};
		68A6BD02280567B700E0811F /* PBXTargetDependency */ = {
			isa = PBXTargetDependency;
			target = 68A6BCE5280567B500E0811F /* UserAuthentication */;
			targetProxy = 68A6BD01280567B700E0811F /* PBXContainerItemProxy */;
		};
/* End PBXTargetDependency section */

/* Begin XCBuildConfiguration section */
		68A6BD08280567B700E0811F /* Debug */ = {
			isa = XCBuildConfiguration;
			buildSettings = {
				ALWAYS_SEARCH_USER_PATHS = NO;
				CLANG_ANALYZER_NONNULL = YES;
				CLANG_ANALYZER_NUMBER_OBJECT_CONVERSION = YES_AGGRESSIVE;
				CLANG_CXX_LANGUAGE_STANDARD = "gnu++17";
				CLANG_CXX_LIBRARY = "libc++";
				CLANG_ENABLE_MODULES = YES;
				CLANG_ENABLE_OBJC_ARC = YES;
				CLANG_ENABLE_OBJC_WEAK = YES;
				CLANG_WARN_BLOCK_CAPTURE_AUTORELEASING = YES;
				CLANG_WARN_BOOL_CONVERSION = YES;
				CLANG_WARN_COMMA = YES;
				CLANG_WARN_CONSTANT_CONVERSION = YES;
				CLANG_WARN_DEPRECATED_OBJC_IMPLEMENTATIONS = YES;
				CLANG_WARN_DIRECT_OBJC_ISA_USAGE = YES_ERROR;
				CLANG_WARN_DOCUMENTATION_COMMENTS = YES;
				CLANG_WARN_EMPTY_BODY = YES;
				CLANG_WARN_ENUM_CONVERSION = YES;
				CLANG_WARN_INFINITE_RECURSION = YES;
				CLANG_WARN_INT_CONVERSION = YES;
				CLANG_WARN_NON_LITERAL_NULL_CONVERSION = YES;
				CLANG_WARN_OBJC_IMPLICIT_RETAIN_SELF = YES;
				CLANG_WARN_OBJC_LITERAL_CONVERSION = YES;
				CLANG_WARN_OBJC_ROOT_CLASS = YES_ERROR;
				CLANG_WARN_QUOTED_INCLUDE_IN_FRAMEWORK_HEADER = YES;
				CLANG_WARN_RANGE_LOOP_ANALYSIS = YES;
				CLANG_WARN_STRICT_PROTOTYPES = YES;
				CLANG_WARN_SUSPICIOUS_MOVE = YES;
				CLANG_WARN_UNGUARDED_AVAILABILITY = YES_AGGRESSIVE;
				CLANG_WARN_UNREACHABLE_CODE = YES;
				CLANG_WARN__DUPLICATE_METHOD_MATCH = YES;
				COPY_PHASE_STRIP = NO;
				DEBUG_INFORMATION_FORMAT = dwarf;
				ENABLE_STRICT_OBJC_MSGSEND = YES;
				ENABLE_TESTABILITY = YES;
				GCC_C_LANGUAGE_STANDARD = gnu11;
				GCC_DYNAMIC_NO_PIC = NO;
				GCC_NO_COMMON_BLOCKS = YES;
				GCC_OPTIMIZATION_LEVEL = 0;
				GCC_PREPROCESSOR_DEFINITIONS = (
					"DEBUG=1",
					"$(inherited)",
				);
				GCC_WARN_64_TO_32_BIT_CONVERSION = YES;
				GCC_WARN_ABOUT_RETURN_TYPE = YES_ERROR;
				GCC_WARN_UNDECLARED_SELECTOR = YES;
				GCC_WARN_UNINITIALIZED_AUTOS = YES_AGGRESSIVE;
				GCC_WARN_UNUSED_FUNCTION = YES;
				GCC_WARN_UNUSED_VARIABLE = YES;
				IPHONEOS_DEPLOYMENT_TARGET = 15.2;
				MTL_ENABLE_DEBUG_INFO = INCLUDE_SOURCE;
				MTL_FAST_MATH = YES;
				ONLY_ACTIVE_ARCH = YES;
				SDKROOT = iphoneos;
				SWIFT_ACTIVE_COMPILATION_CONDITIONS = DEBUG;
				SWIFT_OPTIMIZATION_LEVEL = "-Onone";
			};
			name = Debug;
		};
		68A6BD09280567B700E0811F /* Release */ = {
			isa = XCBuildConfiguration;
			buildSettings = {
				ALWAYS_SEARCH_USER_PATHS = NO;
				CLANG_ANALYZER_NONNULL = YES;
				CLANG_ANALYZER_NUMBER_OBJECT_CONVERSION = YES_AGGRESSIVE;
				CLANG_CXX_LANGUAGE_STANDARD = "gnu++17";
				CLANG_CXX_LIBRARY = "libc++";
				CLANG_ENABLE_MODULES = YES;
				CLANG_ENABLE_OBJC_ARC = YES;
				CLANG_ENABLE_OBJC_WEAK = YES;
				CLANG_WARN_BLOCK_CAPTURE_AUTORELEASING = YES;
				CLANG_WARN_BOOL_CONVERSION = YES;
				CLANG_WARN_COMMA = YES;
				CLANG_WARN_CONSTANT_CONVERSION = YES;
				CLANG_WARN_DEPRECATED_OBJC_IMPLEMENTATIONS = YES;
				CLANG_WARN_DIRECT_OBJC_ISA_USAGE = YES_ERROR;
				CLANG_WARN_DOCUMENTATION_COMMENTS = YES;
				CLANG_WARN_EMPTY_BODY = YES;
				CLANG_WARN_ENUM_CONVERSION = YES;
				CLANG_WARN_INFINITE_RECURSION = YES;
				CLANG_WARN_INT_CONVERSION = YES;
				CLANG_WARN_NON_LITERAL_NULL_CONVERSION = YES;
				CLANG_WARN_OBJC_IMPLICIT_RETAIN_SELF = YES;
				CLANG_WARN_OBJC_LITERAL_CONVERSION = YES;
				CLANG_WARN_OBJC_ROOT_CLASS = YES_ERROR;
				CLANG_WARN_QUOTED_INCLUDE_IN_FRAMEWORK_HEADER = YES;
				CLANG_WARN_RANGE_LOOP_ANALYSIS = YES;
				CLANG_WARN_STRICT_PROTOTYPES = YES;
				CLANG_WARN_SUSPICIOUS_MOVE = YES;
				CLANG_WARN_UNGUARDED_AVAILABILITY = YES_AGGRESSIVE;
				CLANG_WARN_UNREACHABLE_CODE = YES;
				CLANG_WARN__DUPLICATE_METHOD_MATCH = YES;
				COPY_PHASE_STRIP = NO;
				DEBUG_INFORMATION_FORMAT = "dwarf-with-dsym";
				ENABLE_NS_ASSERTIONS = NO;
				ENABLE_STRICT_OBJC_MSGSEND = YES;
				GCC_C_LANGUAGE_STANDARD = gnu11;
				GCC_NO_COMMON_BLOCKS = YES;
				GCC_WARN_64_TO_32_BIT_CONVERSION = YES;
				GCC_WARN_ABOUT_RETURN_TYPE = YES_ERROR;
				GCC_WARN_UNDECLARED_SELECTOR = YES;
				GCC_WARN_UNINITIALIZED_AUTOS = YES_AGGRESSIVE;
				GCC_WARN_UNUSED_FUNCTION = YES;
				GCC_WARN_UNUSED_VARIABLE = YES;
				IPHONEOS_DEPLOYMENT_TARGET = 15.2;
				MTL_ENABLE_DEBUG_INFO = NO;
				MTL_FAST_MATH = YES;
				SDKROOT = iphoneos;
				SWIFT_COMPILATION_MODE = wholemodule;
				SWIFT_OPTIMIZATION_LEVEL = "-O";
				VALIDATE_PRODUCT = YES;
			};
			name = Release;
		};
		68A6BD0B280567B700E0811F /* Debug */ = {
			isa = XCBuildConfiguration;
			buildSettings = {
				ASSETCATALOG_COMPILER_APPICON_NAME = AppIcon;
				ASSETCATALOG_COMPILER_GLOBAL_ACCENT_COLOR_NAME = AccentColor;
				CODE_SIGN_STYLE = Automatic;
				CURRENT_PROJECT_VERSION = 1;
				DEVELOPMENT_ASSET_PATHS = "\"UserAuthentication/Preview Content\"";
				DEVELOPMENT_TEAM = 878WK3K4H7;
				ENABLE_PREVIEWS = YES;
				GENERATE_INFOPLIST_FILE = YES;
				INFOPLIST_KEY_UIApplicationSceneManifest_Generation = YES;
				INFOPLIST_KEY_UIApplicationSupportsIndirectInputEvents = YES;
				INFOPLIST_KEY_UILaunchScreen_Generation = YES;
				INFOPLIST_KEY_UISupportedInterfaceOrientations_iPad = "UIInterfaceOrientationPortrait UIInterfaceOrientationPortraitUpsideDown UIInterfaceOrientationLandscapeLeft UIInterfaceOrientationLandscapeRight";
				INFOPLIST_KEY_UISupportedInterfaceOrientations_iPhone = "UIInterfaceOrientationPortrait UIInterfaceOrientationLandscapeLeft UIInterfaceOrientationLandscapeRight";
				LD_RUNPATH_SEARCH_PATHS = (
					"$(inherited)",
					"@executable_path/Frameworks",
				);
				MARKETING_VERSION = 1.0;
				PRODUCT_BUNDLE_IDENTIFIER = AadityaShankar.UserAuthentication;
				PRODUCT_NAME = "$(TARGET_NAME)";
				SWIFT_EMIT_LOC_STRINGS = YES;
				SWIFT_VERSION = 5.0;
				TARGETED_DEVICE_FAMILY = "1,2";
			};
			name = Debug;
		};
		68A6BD0C280567B700E0811F /* Release */ = {
			isa = XCBuildConfiguration;
			buildSettings = {
				ASSETCATALOG_COMPILER_APPICON_NAME = AppIcon;
				ASSETCATALOG_COMPILER_GLOBAL_ACCENT_COLOR_NAME = AccentColor;
				CODE_SIGN_STYLE = Automatic;
				CURRENT_PROJECT_VERSION = 1;
				DEVELOPMENT_ASSET_PATHS = "\"UserAuthentication/Preview Content\"";
				DEVELOPMENT_TEAM = 878WK3K4H7;
				ENABLE_PREVIEWS = YES;
				GENERATE_INFOPLIST_FILE = YES;
				INFOPLIST_KEY_UIApplicationSceneManifest_Generation = YES;
				INFOPLIST_KEY_UIApplicationSupportsIndirectInputEvents = YES;
				INFOPLIST_KEY_UILaunchScreen_Generation = YES;
				INFOPLIST_KEY_UISupportedInterfaceOrientations_iPad = "UIInterfaceOrientationPortrait UIInterfaceOrientationPortraitUpsideDown UIInterfaceOrientationLandscapeLeft UIInterfaceOrientationLandscapeRight";
				INFOPLIST_KEY_UISupportedInterfaceOrientations_iPhone = "UIInterfaceOrientationPortrait UIInterfaceOrientationLandscapeLeft UIInterfaceOrientationLandscapeRight";
				LD_RUNPATH_SEARCH_PATHS = (
					"$(inherited)",
					"@executable_path/Frameworks",
				);
				MARKETING_VERSION = 1.0;
				PRODUCT_BUNDLE_IDENTIFIER = AadityaShankar.UserAuthentication;
				PRODUCT_NAME = "$(TARGET_NAME)";
				SWIFT_EMIT_LOC_STRINGS = YES;
				SWIFT_VERSION = 5.0;
				TARGETED_DEVICE_FAMILY = "1,2";
			};
			name = Release;
		};
		68A6BD0E280567B700E0811F /* Debug */ = {
			isa = XCBuildConfiguration;
			buildSettings = {
				ALWAYS_EMBED_SWIFT_STANDARD_LIBRARIES = YES;
				BUNDLE_LOADER = "$(TEST_HOST)";
				CODE_SIGN_STYLE = Automatic;
				CURRENT_PROJECT_VERSION = 1;
				DEVELOPMENT_TEAM = 878WK3K4H7;
				GENERATE_INFOPLIST_FILE = YES;
				IPHONEOS_DEPLOYMENT_TARGET = 15.2;
				MARKETING_VERSION = 1.0;
				PRODUCT_BUNDLE_IDENTIFIER = AadityaShankar.UserAuthenticationTests;
				PRODUCT_NAME = "$(TARGET_NAME)";
				SWIFT_EMIT_LOC_STRINGS = NO;
				SWIFT_VERSION = 5.0;
				TARGETED_DEVICE_FAMILY = "1,2";
				TEST_HOST = "$(BUILT_PRODUCTS_DIR)/UserAuthentication.app/UserAuthentication";
			};
			name = Debug;
		};
		68A6BD0F280567B700E0811F /* Release */ = {
			isa = XCBuildConfiguration;
			buildSettings = {
				ALWAYS_EMBED_SWIFT_STANDARD_LIBRARIES = YES;
				BUNDLE_LOADER = "$(TEST_HOST)";
				CODE_SIGN_STYLE = Automatic;
				CURRENT_PROJECT_VERSION = 1;
				DEVELOPMENT_TEAM = 878WK3K4H7;
				GENERATE_INFOPLIST_FILE = YES;
				IPHONEOS_DEPLOYMENT_TARGET = 15.2;
				MARKETING_VERSION = 1.0;
				PRODUCT_BUNDLE_IDENTIFIER = AadityaShankar.UserAuthenticationTests;
				PRODUCT_NAME = "$(TARGET_NAME)";
				SWIFT_EMIT_LOC_STRINGS = NO;
				SWIFT_VERSION = 5.0;
				TARGETED_DEVICE_FAMILY = "1,2";
				TEST_HOST = "$(BUILT_PRODUCTS_DIR)/UserAuthentication.app/UserAuthentication";
			};
			name = Release;
		};
		68A6BD11280567B700E0811F /* Debug */ = {
			isa = XCBuildConfiguration;
			buildSettings = {
				ALWAYS_EMBED_SWIFT_STANDARD_LIBRARIES = YES;
				CODE_SIGN_STYLE = Automatic;
				CURRENT_PROJECT_VERSION = 1;
				DEVELOPMENT_TEAM = 878WK3K4H7;
				GENERATE_INFOPLIST_FILE = YES;
				MARKETING_VERSION = 1.0;
				PRODUCT_BUNDLE_IDENTIFIER = AadityaShankar.UserAuthenticationUITests;
				PRODUCT_NAME = "$(TARGET_NAME)";
				SWIFT_EMIT_LOC_STRINGS = NO;
				SWIFT_VERSION = 5.0;
				TARGETED_DEVICE_FAMILY = "1,2";
				TEST_TARGET_NAME = UserAuthentication;
			};
			name = Debug;
		};
		68A6BD12280567B700E0811F /* Release */ = {
			isa = XCBuildConfiguration;
			buildSettings = {
				ALWAYS_EMBED_SWIFT_STANDARD_LIBRARIES = YES;
				CODE_SIGN_STYLE = Automatic;
				CURRENT_PROJECT_VERSION = 1;
				DEVELOPMENT_TEAM = 878WK3K4H7;
				GENERATE_INFOPLIST_FILE = YES;
				MARKETING_VERSION = 1.0;
				PRODUCT_BUNDLE_IDENTIFIER = AadityaShankar.UserAuthenticationUITests;
				PRODUCT_NAME = "$(TARGET_NAME)";
				SWIFT_EMIT_LOC_STRINGS = NO;
				SWIFT_VERSION = 5.0;
				TARGETED_DEVICE_FAMILY = "1,2";
				TEST_TARGET_NAME = UserAuthentication;
			};
			name = Release;
		};
/* End XCBuildConfiguration section */

/* Begin XCConfigurationList section */
		68A6BCE1280567B500E0811F /* Build configuration list for PBXProject "UserAuthentication" */ = {
			isa = XCConfigurationList;
			buildConfigurations = (
				68A6BD08280567B700E0811F /* Debug */,
				68A6BD09280567B700E0811F /* Release */,
			);
			defaultConfigurationIsVisible = 0;
			defaultConfigurationName = Release;
		};
		68A6BD0A280567B700E0811F /* Build configuration list for PBXNativeTarget "UserAuthentication" */ = {
			isa = XCConfigurationList;
			buildConfigurations = (
				68A6BD0B280567B700E0811F /* Debug */,
				68A6BD0C280567B700E0811F /* Release */,
			);
			defaultConfigurationIsVisible = 0;
			defaultConfigurationName = Release;
		};
		68A6BD0D280567B700E0811F /* Build configuration list for PBXNativeTarget "UserAuthenticationTests" */ = {
			isa = XCConfigurationList;
			buildConfigurations = (
				68A6BD0E280567B700E0811F /* Debug */,
				68A6BD0F280567B700E0811F /* Release */,
			);
			defaultConfigurationIsVisible = 0;
			defaultConfigurationName = Release;
		};
		68A6BD10280567B700E0811F /* Build configuration list for PBXNativeTarget "UserAuthenticationUITests" */ = {
			isa = XCConfigurationList;
			buildConfigurations = (
				68A6BD11280567B700E0811F /* Debug */,
				68A6BD12280567B700E0811F /* Release */,
			);
			defaultConfigurationIsVisible = 0;
			defaultConfigurationName = Release;
		};
/* End XCConfigurationList section */
	};
	rootObject = 68A6BCDE280567B500E0811F /* Project object */;
}
